// !$*UTF8*$!
{
	archiveVersion = 1;
	classes = {
	};
	objectVersion = 46;
	objects = {

/* Begin PBXBuildFile section */
		755204AB18F21FE30032FBE1 /* Foundation.framework in Frameworks */ = {isa = PBXBuildFile; fileRef = 755204AA18F21FE30032FBE1 /* Foundation.framework */; };
		755204AD18F21FE30032FBE1 /* CoreGraphics.framework in Frameworks */ = {isa = PBXBuildFile; fileRef = 755204AC18F21FE30032FBE1 /* CoreGraphics.framework */; };
		755204AF18F21FE30032FBE1 /* UIKit.framework in Frameworks */ = {isa = PBXBuildFile; fileRef = 755204AE18F21FE30032FBE1 /* UIKit.framework */; };
		755204B518F21FE30032FBE1 /* InfoPlist.strings in Resources */ = {isa = PBXBuildFile; fileRef = 755204B318F21FE30032FBE1 /* InfoPlist.strings */; };
		755204B718F21FE30032FBE1 /* main.m in Sources */ = {isa = PBXBuildFile; fileRef = 755204B618F21FE30032FBE1 /* main.m */; };
		755204BB18F21FE30032FBE1 /* AppDelegate.m in Sources */ = {isa = PBXBuildFile; fileRef = 755204BA18F21FE30032FBE1 /* AppDelegate.m */; };
		755204BD18F21FE30032FBE1 /* Images.xcassets in Resources */ = {isa = PBXBuildFile; fileRef = 755204BC18F21FE30032FBE1 /* Images.xcassets */; };
		755204C418F21FE30032FBE1 /* XCTest.framework in Frameworks */ = {isa = PBXBuildFile; fileRef = 755204C318F21FE30032FBE1 /* XCTest.framework */; };
		755204C518F21FE30032FBE1 /* Foundation.framework in Frameworks */ = {isa = PBXBuildFile; fileRef = 755204AA18F21FE30032FBE1 /* Foundation.framework */; };
		755204C618F21FE30032FBE1 /* UIKit.framework in Frameworks */ = {isa = PBXBuildFile; fileRef = 755204AE18F21FE30032FBE1 /* UIKit.framework */; };
		755204CE18F21FE30032FBE1 /* InfoPlist.strings in Resources */ = {isa = PBXBuildFile; fileRef = 755204CC18F21FE30032FBE1 /* InfoPlist.strings */; };
		755204D018F21FE30032FBE1 /* MultiPeerTestTests.m in Sources */ = {isa = PBXBuildFile; fileRef = 755204CF18F21FE30032FBE1 /* MultiPeerTestTests.m */; };
		755204DC18F220A90032FBE1 /* MainViewController.m in Sources */ = {isa = PBXBuildFile; fileRef = 755204DA18F220A90032FBE1 /* MainViewController.m */; };
		755204DD18F220A90032FBE1 /* MainViewController.xib in Resources */ = {isa = PBXBuildFile; fileRef = 755204DB18F220A90032FBE1 /* MainViewController.xib */; };
		755204E118F259A20032FBE1 /* BrowserViewController.m in Sources */ = {isa = PBXBuildFile; fileRef = 755204DF18F259A20032FBE1 /* BrowserViewController.m */; };
		755204E218F259A20032FBE1 /* BrowserViewController.xib in Resources */ = {isa = PBXBuildFile; fileRef = 755204E018F259A20032FBE1 /* BrowserViewController.xib */; };
		755204E518F272450032FBE1 /* MCManager.m in Sources */ = {isa = PBXBuildFile; fileRef = 755204E418F272450032FBE1 /* MCManager.m */; };
/* End PBXBuildFile section */

/* Begin PBXContainerItemProxy section */
		755204C718F21FE30032FBE1 /* PBXContainerItemProxy */ = {
			isa = PBXContainerItemProxy;
			containerPortal = 7552049F18F21FE30032FBE1 /* Project object */;
			proxyType = 1;
			remoteGlobalIDString = 755204A618F21FE30032FBE1;
			remoteInfo = MultiPeerTest;
		};
/* End PBXContainerItemProxy section */

/* Begin PBXFileReference section */
		755204A718F21FE30032FBE1 /* MultiPeerTest.app */ = {isa = PBXFileReference; explicitFileType = wrapper.application; includeInIndex = 0; path = MultiPeerTest.app; sourceTree = BUILT_PRODUCTS_DIR; };
		755204AA18F21FE30032FBE1 /* Foundation.framework */ = {isa = PBXFileReference; lastKnownFileType = wrapper.framework; name = Foundation.framework; path = System/Library/Frameworks/Foundation.framework; sourceTree = SDKROOT; };
		755204AC18F21FE30032FBE1 /* CoreGraphics.framework */ = {isa = PBXFileReference; lastKnownFileType = wrapper.framework; name = CoreGraphics.framework; path = System/Library/Frameworks/CoreGraphics.framework; sourceTree = SDKROOT; };
		755204AE18F21FE30032FBE1 /* UIKit.framework */ = {isa = PBXFileReference; lastKnownFileType = wrapper.framework; name = UIKit.framework; path = System/Library/Frameworks/UIKit.framework; sourceTree = SDKROOT; };
		755204B218F21FE30032FBE1 /* MultiPeerTest-Info.plist */ = {isa = PBXFileReference; lastKnownFileType = text.plist.xml; path = "MultiPeerTest-Info.plist"; sourceTree = "<group>"; };
		755204B418F21FE30032FBE1 /* en */ = {isa = PBXFileReference; lastKnownFileType = text.plist.strings; name = en; path = en.lproj/InfoPlist.strings; sourceTree = "<group>"; };
		755204B618F21FE30032FBE1 /* main.m */ = {isa = PBXFileReference; lastKnownFileType = sourcecode.c.objc; path = main.m; sourceTree = "<group>"; };
		755204B818F21FE30032FBE1 /* MultiPeerTest-Prefix.pch */ = {isa = PBXFileReference; lastKnownFileType = sourcecode.c.h; path = "MultiPeerTest-Prefix.pch"; sourceTree = "<group>"; };
		755204B918F21FE30032FBE1 /* AppDelegate.h */ = {isa = PBXFileReference; lastKnownFileType = sourcecode.c.h; path = AppDelegate.h; sourceTree = "<group>"; };
		755204BA18F21FE30032FBE1 /* AppDelegate.m */ = {isa = PBXFileReference; lastKnownFileType = sourcecode.c.objc; path = AppDelegate.m; sourceTree = "<group>"; };
		755204BC18F21FE30032FBE1 /* Images.xcassets */ = {isa = PBXFileReference; lastKnownFileType = folder.assetcatalog; path = Images.xcassets; sourceTree = "<group>"; };
		755204C218F21FE30032FBE1 /* MultiPeerTestTests.xctest */ = {isa = PBXFileReference; explicitFileType = wrapper.cfbundle; includeInIndex = 0; path = MultiPeerTestTests.xctest; sourceTree = BUILT_PRODUCTS_DIR; };
		755204C318F21FE30032FBE1 /* XCTest.framework */ = {isa = PBXFileReference; lastKnownFileType = wrapper.framework; name = XCTest.framework; path = Library/Frameworks/XCTest.framework; sourceTree = DEVELOPER_DIR; };
		755204CB18F21FE30032FBE1 /* MultiPeerTestTests-Info.plist */ = {isa = PBXFileReference; lastKnownFileType = text.plist.xml; path = "MultiPeerTestTests-Info.plist"; sourceTree = "<group>"; };
		755204CD18F21FE30032FBE1 /* en */ = {isa = PBXFileReference; lastKnownFileType = text.plist.strings; name = en; path = en.lproj/InfoPlist.strings; sourceTree = "<group>"; };
		755204CF18F21FE30032FBE1 /* MultiPeerTestTests.m */ = {isa = PBXFileReference; lastKnownFileType = sourcecode.c.objc; path = MultiPeerTestTests.m; sourceTree = "<group>"; };
		755204D918F220A90032FBE1 /* MainViewController.h */ = {isa = PBXFileReference; fileEncoding = 4; lastKnownFileType = sourcecode.c.h; path = MainViewController.h; sourceTree = "<group>"; };
		755204DA18F220A90032FBE1 /* MainViewController.m */ = {isa = PBXFileReference; fileEncoding = 4; lastKnownFileType = sourcecode.c.objc; path = MainViewController.m; sourceTree = "<group>"; };
		755204DB18F220A90032FBE1 /* MainViewController.xib */ = {isa = PBXFileReference; fileEncoding = 4; lastKnownFileType = file.xib; path = MainViewController.xib; sourceTree = "<group>"; };
		755204DE18F259A20032FBE1 /* BrowserViewController.h */ = {isa = PBXFileReference; fileEncoding = 4; lastKnownFileType = sourcecode.c.h; path = BrowserViewController.h; sourceTree = "<group>"; };
		755204DF18F259A20032FBE1 /* BrowserViewController.m */ = {isa = PBXFileReference; fileEncoding = 4; lastKnownFileType = sourcecode.c.objc; path = BrowserViewController.m; sourceTree = "<group>"; };
		755204E018F259A20032FBE1 /* BrowserViewController.xib */ = {isa = PBXFileReference; fileEncoding = 4; lastKnownFileType = file.xib; path = BrowserViewController.xib; sourceTree = "<group>"; };
		755204E318F272450032FBE1 /* MCManager.h */ = {isa = PBXFileReference; fileEncoding = 4; lastKnownFileType = sourcecode.c.h; path = MCManager.h; sourceTree = "<group>"; };
		755204E418F272450032FBE1 /* MCManager.m */ = {isa = PBXFileReference; fileEncoding = 4; lastKnownFileType = sourcecode.c.objc; path = MCManager.m; sourceTree = "<group>"; };
/* End PBXFileReference section */

/* Begin PBXFrameworksBuildPhase section */
		755204A418F21FE30032FBE1 /* Frameworks */ = {
			isa = PBXFrameworksBuildPhase;
			buildActionMask = 2147483647;
			files = (
				755204AD18F21FE30032FBE1 /* CoreGraphics.framework in Frameworks */,
				755204AF18F21FE30032FBE1 /* UIKit.framework in Frameworks */,
				755204AB18F21FE30032FBE1 /* Foundation.framework in Frameworks */,
			);
			runOnlyForDeploymentPostprocessing = 0;
		};
		755204BF18F21FE30032FBE1 /* Frameworks */ = {
			isa = PBXFrameworksBuildPhase;
			buildActionMask = 2147483647;
			files = (
				755204C418F21FE30032FBE1 /* XCTest.framework in Frameworks */,
				755204C618F21FE30032FBE1 /* UIKit.framework in Frameworks */,
				755204C518F21FE30032FBE1 /* Foundation.framework in Frameworks */,
			);
			runOnlyForDeploymentPostprocessing = 0;
		};
/* End PBXFrameworksBuildPhase section */

/* Begin PBXGroup section */
		7552049E18F21FE30032FBE1 = {
			isa = PBXGroup;
			children = (
				755204B018F21FE30032FBE1 /* MultiPeerTest */,
				755204C918F21FE30032FBE1 /* MultiPeerTestTests */,
				755204A918F21FE30032FBE1 /* Frameworks */,
				755204A818F21FE30032FBE1 /* Products */,
			);
			sourceTree = "<group>";
		};
		755204A818F21FE30032FBE1 /* Products */ = {
			isa = PBXGroup;
			children = (
				755204A718F21FE30032FBE1 /* MultiPeerTest.app */,
				755204C218F21FE30032FBE1 /* MultiPeerTestTests.xctest */,
			);
			name = Products;
			sourceTree = "<group>";
		};
		755204A918F21FE30032FBE1 /* Frameworks */ = {
			isa = PBXGroup;
			children = (
				755204AA18F21FE30032FBE1 /* Foundation.framework */,
				755204AC18F21FE30032FBE1 /* CoreGraphics.framework */,
				755204AE18F21FE30032FBE1 /* UIKit.framework */,
				755204C318F21FE30032FBE1 /* XCTest.framework */,
			);
			name = Frameworks;
			sourceTree = "<group>";
		};
		755204B018F21FE30032FBE1 /* MultiPeerTest */ = {
			isa = PBXGroup;
			children = (
				755204B918F21FE30032FBE1 /* AppDelegate.h */,
				755204BA18F21FE30032FBE1 /* AppDelegate.m */,
				755204BC18F21FE30032FBE1 /* Images.xcassets */,
				755204B118F21FE30032FBE1 /* Supporting Files */,
				755204D918F220A90032FBE1 /* MainViewController.h */,
				755204DA18F220A90032FBE1 /* MainViewController.m */,
				755204DB18F220A90032FBE1 /* MainViewController.xib */,
				755204DE18F259A20032FBE1 /* BrowserViewController.h */,
				755204DF18F259A20032FBE1 /* BrowserViewController.m */,
				755204E018F259A20032FBE1 /* BrowserViewController.xib */,
				755204E318F272450032FBE1 /* MCManager.h */,
				755204E418F272450032FBE1 /* MCManager.m */,
			);
			path = MultiPeerTest;
			sourceTree = "<group>";
		};
		755204B118F21FE30032FBE1 /* Supporting Files */ = {
			isa = PBXGroup;
			children = (
				755204B218F21FE30032FBE1 /* MultiPeerTest-Info.plist */,
				755204B318F21FE30032FBE1 /* InfoPlist.strings */,
				755204B618F21FE30032FBE1 /* main.m */,
				755204B818F21FE30032FBE1 /* MultiPeerTest-Prefix.pch */,
			);
			name = "Supporting Files";
			sourceTree = "<group>";
		};
		755204C918F21FE30032FBE1 /* MultiPeerTestTests */ = {
			isa = PBXGroup;
			children = (
				755204CF18F21FE30032FBE1 /* MultiPeerTestTests.m */,
				755204CA18F21FE30032FBE1 /* Supporting Files */,
			);
			path = MultiPeerTestTests;
			sourceTree = "<group>";
		};
		755204CA18F21FE30032FBE1 /* Supporting Files */ = {
			isa = PBXGroup;
			children = (
				755204CB18F21FE30032FBE1 /* MultiPeerTestTests-Info.plist */,
				755204CC18F21FE30032FBE1 /* InfoPlist.strings */,
			);
			name = "Supporting Files";
			sourceTree = "<group>";
		};
/* End PBXGroup section */

/* Begin PBXNativeTarget section */
		755204A618F21FE30032FBE1 /* MultiPeerTest */ = {
			isa = PBXNativeTarget;
			buildConfigurationList = 755204D318F21FE30032FBE1 /* Build configuration list for PBXNativeTarget "MultiPeerTest" */;
			buildPhases = (
				755204A318F21FE30032FBE1 /* Sources */,
				755204A418F21FE30032FBE1 /* Frameworks */,
				755204A518F21FE30032FBE1 /* Resources */,
			);
			buildRules = (
			);
			dependencies = (
			);
			name = MultiPeerTest;
			productName = MultiPeerTest;
			productReference = 755204A718F21FE30032FBE1 /* MultiPeerTest.app */;
			productType = "com.apple.product-type.application";
		};
		755204C118F21FE30032FBE1 /* MultiPeerTestTests */ = {
			isa = PBXNativeTarget;
			buildConfigurationList = 755204D618F21FE30032FBE1 /* Build configuration list for PBXNativeTarget "MultiPeerTestTests" */;
			buildPhases = (
				755204BE18F21FE30032FBE1 /* Sources */,
				755204BF18F21FE30032FBE1 /* Frameworks */,
				755204C018F21FE30032FBE1 /* Resources */,
			);
			buildRules = (
			);
			dependencies = (
				755204C818F21FE30032FBE1 /* PBXTargetDependency */,
			);
			name = MultiPeerTestTests;
			productName = MultiPeerTestTests;
			productReference = 755204C218F21FE30032FBE1 /* MultiPeerTestTests.xctest */;
			productType = "com.apple.product-type.bundle.unit-test";
		};
/* End PBXNativeTarget section */

/* Begin PBXProject section */
		7552049F18F21FE30032FBE1 /* Project object */ = {
			isa = PBXProject;
			attributes = {
				LastUpgradeCheck = 0510;
				ORGANIZATIONNAME = "Minh Nguyen";
				TargetAttributes = {
					755204A618F21FE30032FBE1 = {
						DevelopmentTeam = WB23P3U5RT;
					};
					755204C118F21FE30032FBE1 = {
						TestTargetID = 755204A618F21FE30032FBE1;
					};
				};
			};
			buildConfigurationList = 755204A218F21FE30032FBE1 /* Build configuration list for PBXProject "MultiPeerTest" */;
			compatibilityVersion = "Xcode 3.2";
			developmentRegion = English;
			hasScannedForEncodings = 0;
			knownRegions = (
				en,
			);
			mainGroup = 7552049E18F21FE30032FBE1;
			productRefGroup = 755204A818F21FE30032FBE1 /* Products */;
			projectDirPath = "";
			projectRoot = "";
			targets = (
				755204A618F21FE30032FBE1 /* MultiPeerTest */,
				755204C118F21FE30032FBE1 /* MultiPeerTestTests */,
			);
		};
/* End PBXProject section */

/* Begin PBXResourcesBuildPhase section */
		755204A518F21FE30032FBE1 /* Resources */ = {
			isa = PBXResourcesBuildPhase;
			buildActionMask = 2147483647;
			files = (
				755204B518F21FE30032FBE1 /* InfoPlist.strings in Resources */,
				755204E218F259A20032FBE1 /* BrowserViewController.xib in Resources */,
				755204DD18F220A90032FBE1 /* MainViewController.xib in Resources */,
				755204BD18F21FE30032FBE1 /* Images.xcassets in Resources */,
			);
			runOnlyForDeploymentPostprocessing = 0;
		};
		755204C018F21FE30032FBE1 /* Resources */ = {
			isa = PBXResourcesBuildPhase;
			buildActionMask = 2147483647;
			files = (
				755204CE18F21FE30032FBE1 /* InfoPlist.strings in Resources */,
			);
			runOnlyForDeploymentPostprocessing = 0;
		};
/* End PBXResourcesBuildPhase section */

/* Begin PBXSourcesBuildPhase section */
		755204A318F21FE30032FBE1 /* Sources */ = {
			isa = PBXSourcesBuildPhase;
			buildActionMask = 2147483647;
			files = (
				755204E518F272450032FBE1 /* MCManager.m in Sources */,
				755204BB18F21FE30032FBE1 /* AppDelegate.m in Sources */,
				755204E118F259A20032FBE1 /* BrowserViewController.m in Sources */,
				755204DC18F220A90032FBE1 /* MainViewController.m in Sources */,
				755204B718F21FE30032FBE1 /* main.m in Sources */,
			);
			runOnlyForDeploymentPostprocessing = 0;
		};
		755204BE18F21FE30032FBE1 /* Sources */ = {
			isa = PBXSourcesBuildPhase;
			buildActionMask = 2147483647;
			files = (
				755204D018F21FE30032FBE1 /* MultiPeerTestTests.m in Sources */,
			);
			runOnlyForDeploymentPostprocessing = 0;
		};
/* End PBXSourcesBuildPhase section */

/* Begin PBXTargetDependency section */
		755204C818F21FE30032FBE1 /* PBXTargetDependency */ = {
			isa = PBXTargetDependency;
			target = 755204A618F21FE30032FBE1 /* MultiPeerTest */;
			targetProxy = 755204C718F21FE30032FBE1 /* PBXContainerItemProxy */;
		};
/* End PBXTargetDependency section */

/* Begin PBXVariantGroup section */
		755204B318F21FE30032FBE1 /* InfoPlist.strings */ = {
			isa = PBXVariantGroup;
			children = (
				755204B418F21FE30032FBE1 /* en */,
			);
			name = InfoPlist.strings;
			sourceTree = "<group>";
		};
		755204CC18F21FE30032FBE1 /* InfoPlist.strings */ = {
			isa = PBXVariantGroup;
			children = (
				755204CD18F21FE30032FBE1 /* en */,
			);
			name = InfoPlist.strings;
			sourceTree = "<group>";
		};
/* End PBXVariantGroup section */

/* Begin XCBuildConfiguration section */
		755204D118F21FE30032FBE1 /* Debug */ = {
			isa = XCBuildConfiguration;
			buildSettings = {
				ALWAYS_SEARCH_USER_PATHS = NO;
				CLANG_CXX_LANGUAGE_STANDARD = "gnu++0x";
				CLANG_CXX_LIBRARY = "libc++";
				CLANG_ENABLE_MODULES = YES;
				CLANG_ENABLE_OBJC_ARC = YES;
				CLANG_WARN_BOOL_CONVERSION = YES;
				CLANG_WARN_CONSTANT_CONVERSION = YES;
				CLANG_WARN_DIRECT_OBJC_ISA_USAGE = YES_ERROR;
				CLANG_WARN_EMPTY_BODY = YES;
				CLANG_WARN_ENUM_CONVERSION = YES;
				CLANG_WARN_INT_CONVERSION = YES;
				CLANG_WARN_OBJC_ROOT_CLASS = YES_ERROR;
				CLANG_WARN__DUPLICATE_METHOD_MATCH = YES;
				"CODE_SIGN_IDENTITY[sdk=iphoneos*]" = "iPhone Developer";
				COPY_PHASE_STRIP = NO;
				GCC_C_LANGUAGE_STANDARD = gnu99;
				GCC_DYNAMIC_NO_PIC = NO;
				GCC_OPTIMIZATION_LEVEL = 0;
				GCC_PREPROCESSOR_DEFINITIONS = (
					"DEBUG=1",
					"$(inherited)",
				);
				GCC_SYMBOLS_PRIVATE_EXTERN = NO;
				GCC_WARN_64_TO_32_BIT_CONVERSION = YES;
				GCC_WARN_ABOUT_RETURN_TYPE = YES_ERROR;
				GCC_WARN_UNDECLARED_SELECTOR = YES;
				GCC_WARN_UNINITIALIZED_AUTOS = YES_AGGRESSIVE;
				GCC_WARN_UNUSED_FUNCTION = YES;
				GCC_WARN_UNUSED_VARIABLE = YES;
				IPHONEOS_DEPLOYMENT_TARGET = 7.1;
				ONLY_ACTIVE_ARCH = YES;
				SDKROOT = iphoneos;
			};
			name = Debug;
		};
		755204D218F21FE30032FBE1 /* Release */ = {
			isa = XCBuildConfiguration;
			buildSettings = {
				ALWAYS_SEARCH_USER_PATHS = NO;
				CLANG_CXX_LANGUAGE_STANDARD = "gnu++0x";
				CLANG_CXX_LIBRARY = "libc++";
				CLANG_ENABLE_MODULES = YES;
				CLANG_ENABLE_OBJC_ARC = YES;
				CLANG_WARN_BOOL_CONVERSION = YES;
				CLANG_WARN_CONSTANT_CONVERSION = YES;
				CLANG_WARN_DIRECT_OBJC_ISA_USAGE = YES_ERROR;
				CLANG_WARN_EMPTY_BODY = YES;
				CLANG_WARN_ENUM_CONVERSION = YES;
				CLANG_WARN_INT_CONVERSION = YES;
				CLANG_WARN_OBJC_ROOT_CLASS = YES_ERROR;
				CLANG_WARN__DUPLICATE_METHOD_MATCH = YES;
				"CODE_SIGN_IDENTITY[sdk=iphoneos*]" = "iPhone Developer";
				COPY_PHASE_STRIP = YES;
				ENABLE_NS_ASSERTIONS = NO;
				GCC_C_LANGUAGE_STANDARD = gnu99;
				GCC_WARN_64_TO_32_BIT_CONVERSION = YES;
				GCC_WARN_ABOUT_RETURN_TYPE = YES_ERROR;
				GCC_WARN_UNDECLARED_SELECTOR = YES;
				GCC_WARN_UNINITIALIZED_AUTOS = YES_AGGRESSIVE;
				GCC_WARN_UNUSED_FUNCTION = YES;
				GCC_WARN_UNUSED_VARIABLE = YES;
				IPHONEOS_DEPLOYMENT_TARGET = 7.1;
				SDKROOT = iphoneos;
				VALIDATE_PRODUCT = YES;
			};
			name = Release;
		};
		755204D418F21FE30032FBE1 /* Debug */ = {
			isa = XCBuildConfiguration;
			buildSettings = {
				ASSETCATALOG_COMPILER_APPICON_NAME = AppIcon;
				ASSETCATALOG_COMPILER_LAUNCHIMAGE_NAME = LaunchImage;
				CODE_SIGN_IDENTITY = "iPhone Developer";
				GCC_PRECOMPILE_PREFIX_HEADER = YES;
				GCC_PREFIX_HEADER = "MultiPeerTest/MultiPeerTest-Prefix.pch";
				INFOPLIST_FILE = "MultiPeerTest/MultiPeerTest-Info.plist";
				IPHONEOS_DEPLOYMENT_TARGET = 7.0;
				PRODUCT_NAME = "$(TARGET_NAME)";
				WRAPPER_EXTENSION = app;
			};
			name = Debug;
		};
		755204D518F21FE30032FBE1 /* Release */ = {
			isa = XCBuildConfiguration;
			buildSettings = {
				ASSETCATALOG_COMPILER_APPICON_NAME = AppIcon;
				ASSETCATALOG_COMPILER_LAUNCHIMAGE_NAME = LaunchImage;
				CODE_SIGN_IDENTITY = "iPhone Developer";
				GCC_PRECOMPILE_PREFIX_HEADER = YES;
				GCC_PREFIX_HEADER = "MultiPeerTest/MultiPeerTest-Prefix.pch";
				INFOPLIST_FILE = "MultiPeerTest/MultiPeerTest-Info.plist";
				IPHONEOS_DEPLOYMENT_TARGET = 7.0;
				PRODUCT_NAME = "$(TARGET_NAME)";
				WRAPPER_EXTENSION = app;
			};
			name = Release;
		};
		755204D718F21FE30032FBE1 /* Debug */ = {
			isa = XCBuildConfiguration;
			buildSettings = {
				BUNDLE_LOADER = "$(BUILT_PRODUCTS_DIR)/MultiPeerTest.app/MultiPeerTest";
				FRAMEWORK_SEARCH_PATHS = (
					"$(SDKROOT)/Developer/Library/Frameworks",
					"$(inherited)",
					"$(DEVELOPER_FRAMEWORKS_DIR)",
				);
				GCC_PRECOMPILE_PREFIX_HEADER = YES;
				GCC_PREFIX_HEADER = "MultiPeerTest/MultiPeerTest-Prefix.pch";
				GCC_PREPROCESSOR_DEFINITIONS = (
					"DEBUG=1",
					"$(inherited)",
				);
				INFOPLIST_FILE = "MultiPeerTestTests/MultiPeerTestTests-Info.plist";
				PRODUCT_NAME = "$(TARGET_NAME)";
				TEST_HOST = "$(BUNDLE_LOADER)";
				WRAPPER_EXTENSION = xctest;
			};
			name = Debug;
		};
		755204D818F21FE30032FBE1 /* Release */ = {
			isa = XCBuildConfiguration;
			buildSettings = {
				BUNDLE_LOADER = "$(BUILT_PRODUCTS_DIR)/MultiPeerTest.app/MultiPeerTest";
				FRAMEWORK_SEARCH_PATHS = (
					"$(SDKROOT)/Developer/Library/Frameworks",
					"$(inherited)",
					"$(DEVELOPER_FRAMEWORKS_DIR)",
				);
				GCC_PRECOMPILE_PREFIX_HEADER = YES;
				GCC_PREFIX_HEADER = "MultiPeerTest/MultiPeerTest-Prefix.pch";
				INFOPLIST_FILE = "MultiPeerTestTests/MultiPeerTestTests-Info.plist";
				PRODUCT_NAME = "$(TARGET_NAME)";
				TEST_HOST = "$(BUNDLE_LOADER)";
				WRAPPER_EXTENSION = xctest;
			};
			name = Release;
		};
/* End XCBuildConfiguration section */

/* Begin XCConfigurationList section */
		755204A218F21FE30032FBE1 /* Build configuration list for PBXProject "MultiPeerTest" */ = {
			isa = XCConfigurationList;
			buildConfigurations = (
				755204D118F21FE30032FBE1 /* Debug */,
				755204D218F21FE30032FBE1 /* Release */,
			);
			defaultConfigurationIsVisible = 0;
			defaultConfigurationName = Release;
		};
		755204D318F21FE30032FBE1 /* Build configuration list for PBXNativeTarget "MultiPeerTest" */ = {
			isa = XCConfigurationList;
			buildConfigurations = (
				755204D418F21FE30032FBE1 /* Debug */,
				755204D518F21FE30032FBE1 /* Release */,
			);
			defaultConfigurationIsVisible = 0;
		};
		755204D618F21FE30032FBE1 /* Build configuration list for PBXNativeTarget "MultiPeerTestTests" */ = {
			isa = XCConfigurationList;
			buildConfigurations = (
				755204D718F21FE30032FBE1 /* Debug */,
				755204D818F21FE30032FBE1 /* Release */,
			);
			defaultConfigurationIsVisible = 0;
		};
/* End XCConfigurationList section */
	};
	rootObject = 7552049F18F21FE30032FBE1 /* Project object */;
}
